
Microsoft Visual Studio Solution File, Format Version 12.00
# Visual Studio Version 16
VisualStudioVersion = 16.0.29215.179
MinimumVisualStudioVersion = 10.0.40219.1
Project("{FAE04EC0-301F-11D3-BF4B-00C04F79EFBC}") = "NorthWind", "NorthWind.csproj", "{B2DB7556-3202-488D-800A-A665031DA693}"
EndProject
Global
	GlobalSection(SolutionConfigurationPlatforms) = preSolution
		Debug|Any CPU = Debug|Any CPU
		Release|Any CPU = Release|Any CPU
	EndGlobalSection
	GlobalSection(ProjectConfigurationPlatforms) = postSolution
		{B2DB7556-3202-488D-800A-A665031DA693}.Debug|Any CPU.ActiveCfg = Debug|Any CPU
		{B2DB7556-3202-488D-800A-A665031DA693}.Debug|Any CPU.Build.0 = Debug|Any CPU
		{B2DB7556-3202-488D-800A-A665031DA693}.Release|Any CPU.ActiveCfg = Release|Any CPU
		{B2DB7556-3202-488D-800A-A665031DA693}.Release|Any CPU.Build.0 = Release|Any CPU
	EndGlobalSection
	GlobalSection(SolutionProperties) = preSolution
		HideSolutionNode = FALSE
	EndGlobalSection
	GlobalSection(ExtensibilityGlobals) = postSolution
		SolutionGuid = {579A4ADB-7675-4BFA-88EE-CD036D4E7ABA}
	EndGlobalSection
EndGlobal
